
Microsoft Visual Studio Solution File, Format Version 12.00
# Visual Studio Version 16
VisualStudioVersion = 16.0.31410.357
MinimumVisualStudioVersion = 10.0.40219.1
Project("{FAE04EC0-301F-11D3-BF4B-00C04F79EFBC}") = "Laba2II", "Laba2II\Laba2II.csproj", "{75B6E3C5-6372-4CFB-B0B7-F959FC67FBFF}"
EndProject
Global
	GlobalSection(SolutionConfigurationPlatforms) = preSolution
		Debug|Any CPU = Debug|Any CPU
		Release|Any CPU = Release|Any CPU
	EndGlobalSection
	GlobalSection(ProjectConfigurationPlatforms) = postSolution
		{75B6E3C5-6372-4CFB-B0B7-F959FC67FBFF}.Debug|Any CPU.ActiveCfg = Debug|Any CPU
		{75B6E3C5-6372-4CFB-B0B7-F959FC67FBFF}.Debug|Any CPU.Build.0 = Debug|Any CPU
		{75B6E3C5-6372-4CFB-B0B7-F959FC67FBFF}.Release|Any CPU.ActiveCfg = Release|Any CPU
		{75B6E3C5-6372-4CFB-B0B7-F959FC67FBFF}.Release|Any CPU.Build.0 = Release|Any CPU
	EndGlobalSection
	GlobalSection(SolutionProperties) = preSolution
		HideSolutionNode = FALSE
	EndGlobalSection
	GlobalSection(ExtensibilityGlobals) = postSolution
		SolutionGuid = {4C04F1C2-6463-405F-91F8-F5E9D84D207E}
	EndGlobalSection
EndGlobal
